
Microsoft Visual Studio Solution File, Format Version 12.00
# Visual Studio Version 16
VisualStudioVersion = 16.0.29519.87
MinimumVisualStudioVersion = 10.0.40219.1
Project("{FAE04EC0-301F-11D3-BF4B-00C04F79EFBC}") = "MusicPlayer", "MusicPlayer\MusicPlayer.csproj", "{BD63E2F4-6DDC-4831-BCD1-389F3B43DDDE}"
EndProject
Global
	GlobalSection(SolutionConfigurationPlatforms) = preSolution
		Debug|Any CPU = Debug|Any CPU
		Release|Any CPU = Release|Any CPU
	EndGlobalSection
	GlobalSection(ProjectConfigurationPlatforms) = postSolution
		{BD63E2F4-6DDC-4831-BCD1-389F3B43DDDE}.Debug|Any CPU.ActiveCfg = Debug|Any CPU
		{BD63E2F4-6DDC-4831-BCD1-389F3B43DDDE}.Debug|Any CPU.Build.0 = Debug|Any CPU
		{BD63E2F4-6DDC-4831-BCD1-389F3B43DDDE}.Release|Any CPU.ActiveCfg = Release|Any CPU
		{BD63E2F4-6DDC-4831-BCD1-389F3B43DDDE}.Release|Any CPU.Build.0 = Release|Any CPU
	EndGlobalSection
	GlobalSection(SolutionProperties) = preSolution
		HideSolutionNode = FALSE
	EndGlobalSection
	GlobalSection(ExtensibilityGlobals) = postSolution
		SolutionGuid = {F49A2EA2-EF4F-4E46-93A7-86B99A943FB6}
	EndGlobalSection
EndGlobal
